
Microsoft Visual Studio Solution File, Format Version 12.00
# Visual Studio Version 17
VisualStudioVersion = 17.4.33213.308
MinimumVisualStudioVersion = 10.0.40219.1
Project("{9A19103F-16F7-4668-BE54-9A1E7A4F7556}") = "DataAccsess", "DataAccsess\DataAccsess.csproj", "{834270C9-8985-40AA-BFF2-F5D6BAAC9BC5}"
EndProject
Project("{9A19103F-16F7-4668-BE54-9A1E7A4F7556}") = "Business", "Business\Business.csproj", "{143767DB-8DF5-4BD6-AE29-A6568A48A11C}"
EndProject
Project("{9A19103F-16F7-4668-BE54-9A1E7A4F7556}") = "Entities", "Entities\Entities.csproj", "{3C771D7C-84C6-4353-ABE8-2BB734195255}"
EndProject
Project("{9A19103F-16F7-4668-BE54-9A1E7A4F7556}") = "ConsoleUI", "ConsoleUI\ConsoleUI.csproj", "{7C9A2370-A848-4E57-ABF3-003151CED988}"
EndProject
Project("{FAE04EC0-301F-11D3-BF4B-00C04F79EFBC}") = "Core", "Core\Core.csproj", "{C7099EE0-7D42-4584-B8C0-D6292B028C7B}"
EndProject
Global
	GlobalSection(SolutionConfigurationPlatforms) = preSolution
		Debug|Any CPU = Debug|Any CPU
		Release|Any CPU = Release|Any CPU
	EndGlobalSection
	GlobalSection(ProjectConfigurationPlatforms) = postSolution
		{834270C9-8985-40AA-BFF2-F5D6BAAC9BC5}.Debug|Any CPU.ActiveCfg = Debug|Any CPU
		{834270C9-8985-40AA-BFF2-F5D6BAAC9BC5}.Debug|Any CPU.Build.0 = Debug|Any CPU
		{834270C9-8985-40AA-BFF2-F5D6BAAC9BC5}.Release|Any CPU.ActiveCfg = Release|Any CPU
		{834270C9-8985-40AA-BFF2-F5D6BAAC9BC5}.Release|Any CPU.Build.0 = Release|Any CPU
		{143767DB-8DF5-4BD6-AE29-A6568A48A11C}.Debug|Any CPU.ActiveCfg = Debug|Any CPU
		{143767DB-8DF5-4BD6-AE29-A6568A48A11C}.Debug|Any CPU.Build.0 = Debug|Any CPU
		{143767DB-8DF5-4BD6-AE29-A6568A48A11C}.Release|Any CPU.ActiveCfg = Release|Any CPU
		{143767DB-8DF5-4BD6-AE29-A6568A48A11C}.Release|Any CPU.Build.0 = Release|Any CPU
		{3C771D7C-84C6-4353-ABE8-2BB734195255}.Debug|Any CPU.ActiveCfg = Debug|Any CPU
		{3C771D7C-84C6-4353-ABE8-2BB734195255}.Debug|Any CPU.Build.0 = Debug|Any CPU
		{3C771D7C-84C6-4353-ABE8-2BB734195255}.Release|Any CPU.ActiveCfg = Release|Any CPU
		{3C771D7C-84C6-4353-ABE8-2BB734195255}.Release|Any CPU.Build.0 = Release|Any CPU
		{7C9A2370-A848-4E57-ABF3-003151CED988}.Debug|Any CPU.ActiveCfg = Debug|Any CPU
		{7C9A2370-A848-4E57-ABF3-003151CED988}.Debug|Any CPU.Build.0 = Debug|Any CPU
		{7C9A2370-A848-4E57-ABF3-003151CED988}.Release|Any CPU.ActiveCfg = Release|Any CPU
		{7C9A2370-A848-4E57-ABF3-003151CED988}.Release|Any CPU.Build.0 = Release|Any CPU
		{C7099EE0-7D42-4584-B8C0-D6292B028C7B}.Debug|Any CPU.ActiveCfg = Debug|Any CPU
		{C7099EE0-7D42-4584-B8C0-D6292B028C7B}.Debug|Any CPU.Build.0 = Debug|Any CPU
		{C7099EE0-7D42-4584-B8C0-D6292B028C7B}.Release|Any CPU.ActiveCfg = Release|Any CPU
		{C7099EE0-7D42-4584-B8C0-D6292B028C7B}.Release|Any CPU.Build.0 = Release|Any CPU
	EndGlobalSection
	GlobalSection(SolutionProperties) = preSolution
		HideSolutionNode = FALSE
	EndGlobalSection
	GlobalSection(ExtensibilityGlobals) = postSolution
		SolutionGuid = {F6EEA95E-21B5-4A8B-BE6D-A6BC148CA032}
	EndGlobalSection
EndGlobal
